
Microsoft Visual Studio Solution File, Format Version 12.00
# Visual Studio Version 16
VisualStudioVersion = 16.0.29306.81
MinimumVisualStudioVersion = 10.0.40219.1
Project("{FAE04EC0-301F-11D3-BF4B-00C04F79EFBC}") = "PharmaPartners.WebApp", "PharmaPartners.WebApp\PharmaPartners.WebApp.csproj", "{B28F3197-932F-4D79-BAF0-E0CCBE060E03}"
EndProject
Project("{FAE04EC0-301F-11D3-BF4B-00C04F79EFBC}") = "PharmaPartners.Core", "PharmaPartners.Core\PharmaPartners.Core.csproj", "{8048D5C6-CD76-4040-8F2C-73CAF91CD1B3}"
EndProject
Project("{FAE04EC0-301F-11D3-BF4B-00C04F79EFBC}") = "PharmaPartners.UnitTest", "PharmaPartners.UnitTest\PharmaPartners.UnitTest.csproj", "{65A010D4-BD2C-4E58-A839-04F1F05821F3}"
EndProject
Global
	GlobalSection(SolutionConfigurationPlatforms) = preSolution
		Debug|Any CPU = Debug|Any CPU
		Release|Any CPU = Release|Any CPU
	EndGlobalSection
	GlobalSection(ProjectConfigurationPlatforms) = postSolution
		{B28F3197-932F-4D79-BAF0-E0CCBE060E03}.Debug|Any CPU.ActiveCfg = Debug|Any CPU
		{B28F3197-932F-4D79-BAF0-E0CCBE060E03}.Debug|Any CPU.Build.0 = Debug|Any CPU
		{B28F3197-932F-4D79-BAF0-E0CCBE060E03}.Release|Any CPU.ActiveCfg = Release|Any CPU
		{B28F3197-932F-4D79-BAF0-E0CCBE060E03}.Release|Any CPU.Build.0 = Release|Any CPU
		{8048D5C6-CD76-4040-8F2C-73CAF91CD1B3}.Debug|Any CPU.ActiveCfg = Debug|Any CPU
		{8048D5C6-CD76-4040-8F2C-73CAF91CD1B3}.Debug|Any CPU.Build.0 = Debug|Any CPU
		{8048D5C6-CD76-4040-8F2C-73CAF91CD1B3}.Release|Any CPU.ActiveCfg = Release|Any CPU
		{8048D5C6-CD76-4040-8F2C-73CAF91CD1B3}.Release|Any CPU.Build.0 = Release|Any CPU
		{65A010D4-BD2C-4E58-A839-04F1F05821F3}.Debug|Any CPU.ActiveCfg = Debug|Any CPU
		{65A010D4-BD2C-4E58-A839-04F1F05821F3}.Debug|Any CPU.Build.0 = Debug|Any CPU
		{65A010D4-BD2C-4E58-A839-04F1F05821F3}.Release|Any CPU.ActiveCfg = Release|Any CPU
		{65A010D4-BD2C-4E58-A839-04F1F05821F3}.Release|Any CPU.Build.0 = Release|Any CPU
	EndGlobalSection
	GlobalSection(SolutionProperties) = preSolution
		HideSolutionNode = FALSE
	EndGlobalSection
	GlobalSection(ExtensibilityGlobals) = postSolution
		SolutionGuid = {5744313E-85A8-4603-98B2-D57EE5945BF6}
	EndGlobalSection
EndGlobal
